
Microsoft Visual Studio Solution File, Format Version 12.00
# Visual Studio Version 17
VisualStudioVersion = 17.3.32929.385
MinimumVisualStudioVersion = 10.0.40219.1
Project("{FAE04EC0-301F-11D3-BF4B-00C04F79EFBC}") = "IdentityApp", "IdentityApp\IdentityApp.csproj", "{B64A110E-61F9-49FF-92F2-9BAEFA39AA6D}"
EndProject
Global
	GlobalSection(SolutionConfigurationPlatforms) = preSolution
		Debug|Any CPU = Debug|Any CPU
		Release|Any CPU = Release|Any CPU
	EndGlobalSection
	GlobalSection(ProjectConfigurationPlatforms) = postSolution
		{B64A110E-61F9-49FF-92F2-9BAEFA39AA6D}.Debug|Any CPU.ActiveCfg = Debug|Any CPU
		{B64A110E-61F9-49FF-92F2-9BAEFA39AA6D}.Debug|Any CPU.Build.0 = Debug|Any CPU
		{B64A110E-61F9-49FF-92F2-9BAEFA39AA6D}.Release|Any CPU.ActiveCfg = Release|Any CPU
		{B64A110E-61F9-49FF-92F2-9BAEFA39AA6D}.Release|Any CPU.Build.0 = Release|Any CPU
	EndGlobalSection
	GlobalSection(SolutionProperties) = preSolution
		HideSolutionNode = FALSE
	EndGlobalSection
	GlobalSection(ExtensibilityGlobals) = postSolution
		SolutionGuid = {11E992AF-BC0F-4652-A4F6-F94028B3555A}
	EndGlobalSection
EndGlobal
